<?xml version="1.0" encoding="utf-8"?>
<Project ToolsVersion="4.0" xmlns="http://schemas.microsoft.com/developer/msbuild/2003">
  <ItemGroup>
    <Filter Include="Source Files">
      <UniqueIdentifier>{4FC737F1-C7A5-4376-A066-2A32D752A2FF}</UniqueIdentifier>
      <Extensions>cpp;c;cc;cxx;def;odl;idl;hpj;bat;asm;asmx</Extensions>
    </Filter>
    <Filter Include="Header Files">
      <UniqueIdentifier>{93995380-89BD-4b04-88EB-625FBE52EBFB}</UniqueIdentifier>
      <Extensions>h;hh;hpp;hxx;hm;inl;inc;ipp;xsd</Extensions>
    </Filter>
    <Filter Include="Resource Files">
      <UniqueIdentifier>{67DA6AB6-F800-4c08-8B7A-83BB121AAD01}</UniqueIdentifier>
      <Extensions>rc;ico;cur;bmp;dlg;rc2;rct;bin;rgs;gif;jpg;jpeg;jpe;resx;tiff;tif;png;wav;mfcribbon-ms</Extensions>
    </Filter>
  </ItemGroup>
  <ItemGroup>
    <ClInclude Include="include\Seamless\Export.hpp">
      <Filter>Header Files</Filter>
    </ClInclude>
    <ClInclude Include="include\Seamless\String.hpp">
      <Filter>Header Files</Filter>
    </ClInclude>
    <ClInclude Include="include\Seamless\Error.hpp">
      <Filter>Header Files</Filter>
    </ClInclude>
    <ClInclude Include="include\Seamless\View\ViewParameter.hpp">
      <Filter>Header Files</Filter>
    </ClInclude>
    <ClInclude Include="include\Seamless\Platform.hpp">
      <Filter>Header Files</Filter>
    </ClInclude>
    <ClInclude Include="include\Seamless\Async.hpp">
      <Filter>Header Files</Filter>
    </ClInclude>
    <ClInclude Include="include\Seamless\Data.hpp">
      <Filter>Header Files</Filter>
    </ClInclude>
    <ClInclude Include="include\Seamless\Event.hpp">
      <Filter>Header Files</Filter>
    </ClInclude>
    <ClInclude Include="include\Seamless\Filesystem.hpp">
      <Filter>Header Files</Filter>
    </ClInclude>
    <ClInclude Include="include\Seamless\SharedIdentity.hpp">
      <Filter>Header Files</Filter>
    </ClInclude>
    <ClInclude Include="include\Seamless\Stream.hpp">
      <Filter>Header Files</Filter>
    </ClInclude>
    <ClInclude Include="include\Seamless\Timer.hpp">
      <Filter>Header Files</Filter>
    </ClInclude>
    <ClInclude Include="include\Seamless\Utility.hpp">
      <Filter>Header Files</Filter>
    </ClInclude>
    <ClInclude Include="include\Seamless\View\ViewModule.hpp">
      <Filter>Header Files</Filter>
    </ClInclude>
    <ClInclude Include="include\Seamless\Request.hpp">
      <Filter>Header Files</Filter>
    </ClInclude>
    <ClInclude Include="include\Seamless\Response.hpp">
      <Filter>Header Files</Filter>
    </ClInclude>
    <ClInclude Include="include\Seamless\Seamless.hpp">
      <Filter>Header Files</Filter>
    </ClInclude>
    <ClInclude Include="include\Seamless\Application\ViewManager.hpp">
      <Filter>Header Files</Filter>
    </ClInclude>
    <ClInclude Include="include\Seamless\Application.hpp">
      <Filter>Header Files</Filter>
    </ClInclude>
    <ClInclude Include="include\Seamless\Application\ConfigurationManager.hpp">
      <Filter>Header Files</Filter>
    </ClInclude>
    <ClInclude Include="include\Seamless\TemplateCompiler\Chunks\CodeLiteralChunk.hpp">
      <Filter>Header Files</Filter>
    </ClInclude>
    <ClInclude Include="include\Seamless\TemplateCompiler\Chunks\CompilationChunk.hpp">
      <Filter>Header Files</Filter>
    </ClInclude>
    <ClInclude Include="include\Seamless\TemplateCompiler\Chunks\FlowControlChunk.hpp">
      <Filter>Header Files</Filter>
    </ClInclude>
    <ClInclude Include="include\Seamless\TemplateCompiler\Chunks\InlinePrintChunk.hpp">
      <Filter>Header Files</Filter>
    </ClInclude>
    <ClInclude Include="include\Seamless\TemplateCompiler\Chunks\ResolvedChunk.hpp">
      <Filter>Header Files</Filter>
    </ClInclude>
    <ClInclude Include="include\Seamless\TemplateCompiler\Chunks\StringLiteralChunk.hpp">
      <Filter>Header Files</Filter>
    </ClInclude>
    <ClInclude Include="include\Seamless\TemplateCompiler\Chunks\UnparsedChunk.hpp">
      <Filter>Header Files</Filter>
    </ClInclude>
    <ClInclude Include="include\Seamless\TemplateCompiler\Chunks\VirtualChunk.hpp">
      <Filter>Header Files</Filter>
    </ClInclude>
    <ClInclude Include="include\Seamless\TemplateCompiler\TemplateCompiler.hpp">
      <Filter>Header Files</Filter>
    </ClInclude>
    <ClInclude Include="include\Seamless\CppCompiler\ICppCompiler.hpp">
      <Filter>Header Files</Filter>
    </ClInclude>
    <ClInclude Include="include\Seamless\CompilerCommon\Module.hpp">
      <Filter>Header Files</Filter>
    </ClInclude>
    <ClInclude Include="include\Seamless\CppCompiler\CppCompiler.hpp">
      <Filter>Header Files</Filter>
    </ClInclude>
    <ClInclude Include="include\Seamless\CppCompiler\CppCompiler_MSBuild.hpp">
      <Filter>Header Files</Filter>
    </ClInclude>
    <ClInclude Include="include\Seamless\Application\Controller.hpp">
      <Filter>Header Files</Filter>
    </ClInclude>
    <ClInclude Include="include\Seamless\Http.hpp">
      <Filter>Header Files</Filter>
    </ClInclude>
  </ItemGroup>
  <ItemGroup>
    <ClCompile Include="src\Seamless\String.cpp">
      <Filter>Source Files</Filter>
    </ClCompile>
    <ClCompile Include="src\Seamless\Error.cpp">
      <Filter>Source Files</Filter>
    </ClCompile>
    <ClCompile Include="src\Seamless\View\ViewParameter.cpp">
      <Filter>Source Files</Filter>
    </ClCompile>
    <ClCompile Include="src\Seamless\Async.cpp">
      <Filter>Source Files</Filter>
    </ClCompile>
    <ClCompile Include="src\Seamless\Data.cpp">
      <Filter>Source Files</Filter>
    </ClCompile>
    <ClCompile Include="src\Seamless\Filesystem.cpp">
      <Filter>Source Files</Filter>
    </ClCompile>
    <ClCompile Include="src\Seamless\SharedIdentity.cpp">
      <Filter>Source Files</Filter>
    </ClCompile>
    <ClCompile Include="src\Seamless\Stream.cpp">
      <Filter>Source Files</Filter>
    </ClCompile>
    <ClCompile Include="src\Seamless\Timer.cpp">
      <Filter>Source Files</Filter>
    </ClCompile>
    <ClCompile Include="src\Seamless\Utility.cpp">
      <Filter>Source Files</Filter>
    </ClCompile>
    <ClCompile Include="src\Seamless\View\ViewModule.cpp">
      <Filter>Source Files</Filter>
    </ClCompile>
    <ClCompile Include="src\Seamless\Request.cpp">
      <Filter>Source Files</Filter>
    </ClCompile>
    <ClCompile Include="src\Seamless\Response.cpp">
      <Filter>Source Files</Filter>
    </ClCompile>
    <ClCompile Include="src\Seamless\Application\ViewManager.cpp">
      <Filter>Source Files</Filter>
    </ClCompile>
    <ClCompile Include="src\Seamless\Application.cpp">
      <Filter>Source Files</Filter>
    </ClCompile>
    <ClCompile Include="src\Seamless\Application\ConfigurationManager.cpp">
      <Filter>Source Files</Filter>
    </ClCompile>
    <ClCompile Include="src\Seamless\TemplateCompiler\Chunks\CodeLiteralChunk.cpp">
      <Filter>Source Files</Filter>
    </ClCompile>
    <ClCompile Include="src\Seamless\TemplateCompiler\Chunks\CompilationChunk.cpp">
      <Filter>Source Files</Filter>
    </ClCompile>
    <ClCompile Include="src\Seamless\TemplateCompiler\Chunks\FlowControlChunk.cpp">
      <Filter>Source Files</Filter>
    </ClCompile>
    <ClCompile Include="src\Seamless\TemplateCompiler\Chunks\InlinePrintChunk.cpp">
      <Filter>Source Files</Filter>
    </ClCompile>
    <ClCompile Include="src\Seamless\TemplateCompiler\Chunks\ResolvedChunk.cpp">
      <Filter>Source Files</Filter>
    </ClCompile>
    <ClCompile Include="src\Seamless\TemplateCompiler\Chunks\StringLiteralChunk.cpp">
      <Filter>Source Files</Filter>
    </ClCompile>
    <ClCompile Include="src\Seamless\TemplateCompiler\Chunks\UnparsedChunk.cpp">
      <Filter>Source Files</Filter>
    </ClCompile>
    <ClCompile Include="src\Seamless\TemplateCompiler\Chunks\VirtualChunk.cpp">
      <Filter>Source Files</Filter>
    </ClCompile>
    <ClCompile Include="src\Seamless\TemplateCompiler\TemplateCompiler.cpp">
      <Filter>Source Files</Filter>
    </ClCompile>
    <ClCompile Include="src\Seamless\CompilerCommon\Module.cpp">
      <Filter>Source Files</Filter>
    </ClCompile>
    <ClCompile Include="src\Seamless\CppCompiler\CppCompiler_MSBuild.cpp">
      <Filter>Source Files</Filter>
    </ClCompile>
    <ClCompile Include="include\Seamless\CppCompiler\ICppCompiler.cpp">
      <Filter>Source Files</Filter>
    </ClCompile>
    <ClCompile Include="src\Seamless\Http.cpp">
      <Filter>Source Files</Filter>
    </ClCompile>
    <ClCompile Include="src\Seamless\Application\Controller.cpp">
      <Filter>Source Files</Filter>
    </ClCompile>
  </ItemGroup>
  <ItemGroup>
    <None Include="packages.config" />
  </ItemGroup>
</Project>